
Microsoft Visual Studio Solution File, Format Version 12.00
# Visual Studio Version 17
VisualStudioVersion = 17.3.32901.215
MinimumVisualStudioVersion = 10.0.40219.1
Project("{FAE04EC0-301F-11D3-BF4B-00C04F79EFBC}") = "CompositionBadApple", "CompositionBadApple\CompositionBadApple.csproj", "{7560A937-BAEA-4F7F-A5C9-FB83B31FFC9B}"
EndProject
Global
	GlobalSection(SolutionConfigurationPlatforms) = preSolution
		Debug|ARM = Debug|ARM
		Debug|ARM64 = Debug|ARM64
		Debug|x64 = Debug|x64
		Debug|x86 = Debug|x86
		Release|ARM = Release|ARM
		Release|ARM64 = Release|ARM64
		Release|x64 = Release|x64
		Release|x86 = Release|x86
	EndGlobalSection
	GlobalSection(ProjectConfigurationPlatforms) = postSolution
		{7560A937-BAEA-4F7F-A5C9-FB83B31FFC9B}.Debug|ARM.ActiveCfg = Debug|ARM
		{7560A937-BAEA-4F7F-A5C9-FB83B31FFC9B}.Debug|ARM.Build.0 = Debug|ARM
		{7560A937-BAEA-4F7F-A5C9-FB83B31FFC9B}.Debug|ARM.Deploy.0 = Debug|ARM
		{7560A937-BAEA-4F7F-A5C9-FB83B31FFC9B}.Debug|ARM64.ActiveCfg = Debug|ARM64
		{7560A937-BAEA-4F7F-A5C9-FB83B31FFC9B}.Debug|ARM64.Build.0 = Debug|ARM64
		{7560A937-BAEA-4F7F-A5C9-FB83B31FFC9B}.Debug|ARM64.Deploy.0 = Debug|ARM64
		{7560A937-BAEA-4F7F-A5C9-FB83B31FFC9B}.Debug|x64.ActiveCfg = Debug|x64
		{7560A937-BAEA-4F7F-A5C9-FB83B31FFC9B}.Debug|x64.Build.0 = Debug|x64
		{7560A937-BAEA-4F7F-A5C9-FB83B31FFC9B}.Debug|x64.Deploy.0 = Debug|x64
		{7560A937-BAEA-4F7F-A5C9-FB83B31FFC9B}.Debug|x86.ActiveCfg = Debug|x86
		{7560A937-BAEA-4F7F-A5C9-FB83B31FFC9B}.Debug|x86.Build.0 = Debug|x86
		{7560A937-BAEA-4F7F-A5C9-FB83B31FFC9B}.Debug|x86.Deploy.0 = Debug|x86
		{7560A937-BAEA-4F7F-A5C9-FB83B31FFC9B}.Release|ARM.ActiveCfg = Release|ARM
		{7560A937-BAEA-4F7F-A5C9-FB83B31FFC9B}.Release|ARM.Build.0 = Release|ARM
		{7560A937-BAEA-4F7F-A5C9-FB83B31FFC9B}.Release|ARM.Deploy.0 = Release|ARM
		{7560A937-BAEA-4F7F-A5C9-FB83B31FFC9B}.Release|ARM64.ActiveCfg = Release|ARM64
		{7560A937-BAEA-4F7F-A5C9-FB83B31FFC9B}.Release|ARM64.Build.0 = Release|ARM64
		{7560A937-BAEA-4F7F-A5C9-FB83B31FFC9B}.Release|ARM64.Deploy.0 = Release|ARM64
		{7560A937-BAEA-4F7F-A5C9-FB83B31FFC9B}.Release|x64.ActiveCfg = Release|x64
		{7560A937-BAEA-4F7F-A5C9-FB83B31FFC9B}.Release|x64.Build.0 = Release|x64
		{7560A937-BAEA-4F7F-A5C9-FB83B31FFC9B}.Release|x64.Deploy.0 = Release|x64
		{7560A937-BAEA-4F7F-A5C9-FB83B31FFC9B}.Release|x86.ActiveCfg = Release|x86
		{7560A937-BAEA-4F7F-A5C9-FB83B31FFC9B}.Release|x86.Build.0 = Release|x86
		{7560A937-BAEA-4F7F-A5C9-FB83B31FFC9B}.Release|x86.Deploy.0 = Release|x86
	EndGlobalSection
	GlobalSection(SolutionProperties) = preSolution
		HideSolutionNode = FALSE
	EndGlobalSection
	GlobalSection(ExtensibilityGlobals) = postSolution
		SolutionGuid = {B4D77C37-306D-4CF3-8E80-29C48C584D0C}
	EndGlobalSection
EndGlobal
